
Microsoft Visual Studio Solution File, Format Version 10.00
# Visual Studio 2008
Project("{FAE04EC0-301F-11D3-BF4B-00C04F79EFBC}") = "TerrainEngine", "TerrainEngine\TerrainEngine.csproj", "{A255B19A-A96D-49E6-8F52-0CB660257A75}"
EndProject
Global
	GlobalSection(SolutionConfigurationPlatforms) = preSolution
		Debug|x86 = Debug|x86
		Release|x86 = Release|x86
	EndGlobalSection
	GlobalSection(ProjectConfigurationPlatforms) = postSolution
		{A255B19A-A96D-49E6-8F52-0CB660257A75}.Debug|x86.ActiveCfg = Debug|x86
		{A255B19A-A96D-49E6-8F52-0CB660257A75}.Debug|x86.Build.0 = Debug|x86
		{A255B19A-A96D-49E6-8F52-0CB660257A75}.Release|x86.ActiveCfg = Release|x86
		{A255B19A-A96D-49E6-8F52-0CB660257A75}.Release|x86.Build.0 = Release|x86
		{8FFD221F-F7EE-40FA-AE66-666A9454D8CA}.Debug|x86.ActiveCfg = Debug|x86
		{8FFD221F-F7EE-40FA-AE66-666A9454D8CA}.Release|x86.ActiveCfg = Release|x86
	EndGlobalSection
	GlobalSection(SolutionProperties) = preSolution
		HideSolutionNode = FALSE
	EndGlobalSection
EndGlobal
