
Microsoft Visual Studio Solution File, Format Version 10.00
# Visual Studio 2008
Project("{FAE04EC0-301F-11D3-BF4B-00C04F79EFBC}") = "RockRain", "RockRain\RockRain.csproj", "{88B65028-4AA9-47D2-BC53-017E7C42C723}"
EndProject
Global
	GlobalSection(SolutionConfigurationPlatforms) = preSolution
		Debug|Mixed Platforms = Debug|Mixed Platforms
		Debug|x86 = Debug|x86
		Debug|Xbox 360 = Debug|Xbox 360
		Release|Mixed Platforms = Release|Mixed Platforms
		Release|x86 = Release|x86
		Release|Xbox 360 = Release|Xbox 360
	EndGlobalSection
	GlobalSection(ProjectConfigurationPlatforms) = postSolution
		{88B65028-4AA9-47D2-BC53-017E7C42C723}.Debug|Mixed Platforms.ActiveCfg = Debug|x86
		{88B65028-4AA9-47D2-BC53-017E7C42C723}.Debug|Mixed Platforms.Build.0 = Debug|x86
		{88B65028-4AA9-47D2-BC53-017E7C42C723}.Debug|x86.ActiveCfg = Debug|x86
		{88B65028-4AA9-47D2-BC53-017E7C42C723}.Debug|x86.Build.0 = Debug|x86
		{88B65028-4AA9-47D2-BC53-017E7C42C723}.Debug|Xbox 360.ActiveCfg = Debug|x86
		{88B65028-4AA9-47D2-BC53-017E7C42C723}.Release|Mixed Platforms.ActiveCfg = Release|x86
		{88B65028-4AA9-47D2-BC53-017E7C42C723}.Release|Mixed Platforms.Build.0 = Release|x86
		{88B65028-4AA9-47D2-BC53-017E7C42C723}.Release|x86.ActiveCfg = Release|x86
		{88B65028-4AA9-47D2-BC53-017E7C42C723}.Release|x86.Build.0 = Release|x86
		{88B65028-4AA9-47D2-BC53-017E7C42C723}.Release|Xbox 360.ActiveCfg = Release|x86
		{229222BB-F11B-4B64-9687-EF87A30927D1}.Debug|Mixed Platforms.ActiveCfg = Debug|Xbox 360
		{229222BB-F11B-4B64-9687-EF87A30927D1}.Debug|Mixed Platforms.Build.0 = Debug|Xbox 360
		{229222BB-F11B-4B64-9687-EF87A30927D1}.Debug|x86.ActiveCfg = Debug|x86
		{229222BB-F11B-4B64-9687-EF87A30927D1}.Debug|x86.Build.0 = Debug|x86
		{229222BB-F11B-4B64-9687-EF87A30927D1}.Debug|Xbox 360.ActiveCfg = Debug|Xbox 360
		{229222BB-F11B-4B64-9687-EF87A30927D1}.Debug|Xbox 360.Build.0 = Debug|Xbox 360
		{229222BB-F11B-4B64-9687-EF87A30927D1}.Release|Mixed Platforms.ActiveCfg = Release|Xbox 360
		{229222BB-F11B-4B64-9687-EF87A30927D1}.Release|Mixed Platforms.Build.0 = Release|Xbox 360
		{229222BB-F11B-4B64-9687-EF87A30927D1}.Release|x86.ActiveCfg = Release|x86
		{229222BB-F11B-4B64-9687-EF87A30927D1}.Release|x86.Build.0 = Release|x86
		{229222BB-F11B-4B64-9687-EF87A30927D1}.Release|Xbox 360.ActiveCfg = Release|Xbox 360
		{229222BB-F11B-4B64-9687-EF87A30927D1}.Release|Xbox 360.Build.0 = Release|Xbox 360
	EndGlobalSection
	GlobalSection(SolutionProperties) = preSolution
		HideSolutionNode = FALSE
	EndGlobalSection
EndGlobal
